
Microsoft Visual Studio Solution File, Format Version 12.00
# Visual Studio 2017
Project("{FAE04EC0-301F-11D3-BF4B-00C04F79EFBC}") = "LeapMotionDemo2", "LeapMotionDemo2.csproj", "{B1A40A59-3B17-63AB-F2D0-78CFB27335A0}"
EndProject
Project("{FAE04EC0-301F-11D3-BF4B-00C04F79EFBC}") = "LeapMotionDemo2.Editor", "LeapMotionDemo2.Editor.csproj", "{81ACFFA4-07AD-CE64-3A93-60AB1E31493C}"
EndProject
Global
	GlobalSection(SolutionConfigurationPlatforms) = preSolution
		Debug|Any CPU = Debug|Any CPU
		Release|Any CPU = Release|Any CPU
	EndGlobalSection
	GlobalSection(ProjectConfigurationPlatforms) = postSolution
		{B1A40A59-3B17-63AB-F2D0-78CFB27335A0}.Debug|Any CPU.ActiveCfg = Debug|Any CPU
		{B1A40A59-3B17-63AB-F2D0-78CFB27335A0}.Debug|Any CPU.Build.0 = Debug|Any CPU
		{B1A40A59-3B17-63AB-F2D0-78CFB27335A0}.Release|Any CPU.ActiveCfg = Release|Any CPU
		{B1A40A59-3B17-63AB-F2D0-78CFB27335A0}.Release|Any CPU.Build.0 = Release|Any CPU
		{81ACFFA4-07AD-CE64-3A93-60AB1E31493C}.Debug|Any CPU.ActiveCfg = Debug|Any CPU
		{81ACFFA4-07AD-CE64-3A93-60AB1E31493C}.Debug|Any CPU.Build.0 = Debug|Any CPU
		{81ACFFA4-07AD-CE64-3A93-60AB1E31493C}.Release|Any CPU.ActiveCfg = Release|Any CPU
		{81ACFFA4-07AD-CE64-3A93-60AB1E31493C}.Release|Any CPU.Build.0 = Release|Any CPU
	EndGlobalSection
	GlobalSection(SolutionProperties) = preSolution
		HideSolutionNode = FALSE
	EndGlobalSection
EndGlobal
